
Microsoft Visual Studio Solution File, Format Version 12.00
# Visual Studio 15
VisualStudioVersion = 15.0.28010.2019
MinimumVisualStudioVersion = 10.0.40219.1
Project("{FAE04EC0-301F-11D3-BF4B-00C04F79EFBC}") = "Greeting", "1.CSSintroAndBasicSyntax\Greeting.csproj", "{29CFB5CA-BFBB-4789-9B7D-4DD3CCFFE7CC}"
EndProject
Project("{FAE04EC0-301F-11D3-BF4B-00C04F79EFBC}") = "AddTwoNumbers", "AddTwoNumbers\AddTwoNumbers.csproj", "{38816718-8147-4025-B37C-4CB894A46C66}"
EndProject
Project("{FAE04EC0-301F-11D3-BF4B-00C04F79EFBC}") = "EmployeeData", "EmployeeData\EmployeeData.csproj", "{BEA05625-70E9-4BD1-9420-88BB9EF56E7D}"
EndProject
Global
	GlobalSection(SolutionConfigurationPlatforms) = preSolution
		Debug|Any CPU = Debug|Any CPU
		Release|Any CPU = Release|Any CPU
	EndGlobalSection
	GlobalSection(ProjectConfigurationPlatforms) = postSolution
		{29CFB5CA-BFBB-4789-9B7D-4DD3CCFFE7CC}.Debug|Any CPU.ActiveCfg = Debug|Any CPU
		{29CFB5CA-BFBB-4789-9B7D-4DD3CCFFE7CC}.Debug|Any CPU.Build.0 = Debug|Any CPU
		{29CFB5CA-BFBB-4789-9B7D-4DD3CCFFE7CC}.Release|Any CPU.ActiveCfg = Release|Any CPU
		{29CFB5CA-BFBB-4789-9B7D-4DD3CCFFE7CC}.Release|Any CPU.Build.0 = Release|Any CPU
		{38816718-8147-4025-B37C-4CB894A46C66}.Debug|Any CPU.ActiveCfg = Debug|Any CPU
		{38816718-8147-4025-B37C-4CB894A46C66}.Debug|Any CPU.Build.0 = Debug|Any CPU
		{38816718-8147-4025-B37C-4CB894A46C66}.Release|Any CPU.ActiveCfg = Release|Any CPU
		{38816718-8147-4025-B37C-4CB894A46C66}.Release|Any CPU.Build.0 = Release|Any CPU
		{BEA05625-70E9-4BD1-9420-88BB9EF56E7D}.Debug|Any CPU.ActiveCfg = Debug|Any CPU
		{BEA05625-70E9-4BD1-9420-88BB9EF56E7D}.Debug|Any CPU.Build.0 = Debug|Any CPU
		{BEA05625-70E9-4BD1-9420-88BB9EF56E7D}.Release|Any CPU.ActiveCfg = Release|Any CPU
		{BEA05625-70E9-4BD1-9420-88BB9EF56E7D}.Release|Any CPU.Build.0 = Release|Any CPU
	EndGlobalSection
	GlobalSection(SolutionProperties) = preSolution
		HideSolutionNode = FALSE
	EndGlobalSection
	GlobalSection(ExtensibilityGlobals) = postSolution
		SolutionGuid = {4601533D-C65A-415B-832A-21F613BC061F}
	EndGlobalSection
EndGlobal
