
Microsoft Visual Studio Solution File, Format Version 12.00
# Visual Studio 15
VisualStudioVersion = 15.0.28307.421
MinimumVisualStudioVersion = 10.0.40219.1
Project("{9A19103F-16F7-4668-BE54-9A1E7A4F7556}") = "02.MemoryView", "02.MemoryView\02.MemoryView.csproj", "{C72BDBE4-2E6D-4687-A4EE-F7A03372F8DF}"
EndProject
Project("{9A19103F-16F7-4668-BE54-9A1E7A4F7556}") = "01.RageExpenses", "01.RageExpenses\01.RageExpenses.csproj", "{442CF167-0406-4AEA-BF2D-BBE7BB11240F}"
EndProject
Project("{FAE04EC0-301F-11D3-BF4B-00C04F79EFBC}") = "02.MemoryViewVariant2", "02.MemoryViewVariant2\02.MemoryViewVariant2.csproj", "{3E65BD3F-F165-4FB2-90A4-04094E4FF3A9}"
EndProject
Project("{FAE04EC0-301F-11D3-BF4B-00C04F79EFBC}") = "03.TseamAccount", "03.TseamAccount\03.TseamAccount.csproj", "{9F825F09-265B-4F9E-A7BD-9C677E697781}"
EndProject
Project("{FAE04EC0-301F-11D3-BF4B-00C04F79EFBC}") = "04.MOBAChallenger", "04.MOBAChallenger\04.MOBAChallenger.csproj", "{424CAEC8-7B46-4BD4-9C8C-AC47255B5A51}"
EndProject
Global
	GlobalSection(SolutionConfigurationPlatforms) = preSolution
		Debug|Any CPU = Debug|Any CPU
		Release|Any CPU = Release|Any CPU
	EndGlobalSection
	GlobalSection(ProjectConfigurationPlatforms) = postSolution
		{C72BDBE4-2E6D-4687-A4EE-F7A03372F8DF}.Debug|Any CPU.ActiveCfg = Debug|Any CPU
		{C72BDBE4-2E6D-4687-A4EE-F7A03372F8DF}.Debug|Any CPU.Build.0 = Debug|Any CPU
		{C72BDBE4-2E6D-4687-A4EE-F7A03372F8DF}.Release|Any CPU.ActiveCfg = Release|Any CPU
		{C72BDBE4-2E6D-4687-A4EE-F7A03372F8DF}.Release|Any CPU.Build.0 = Release|Any CPU
		{442CF167-0406-4AEA-BF2D-BBE7BB11240F}.Debug|Any CPU.ActiveCfg = Debug|Any CPU
		{442CF167-0406-4AEA-BF2D-BBE7BB11240F}.Debug|Any CPU.Build.0 = Debug|Any CPU
		{442CF167-0406-4AEA-BF2D-BBE7BB11240F}.Release|Any CPU.ActiveCfg = Release|Any CPU
		{442CF167-0406-4AEA-BF2D-BBE7BB11240F}.Release|Any CPU.Build.0 = Release|Any CPU
		{3E65BD3F-F165-4FB2-90A4-04094E4FF3A9}.Debug|Any CPU.ActiveCfg = Debug|Any CPU
		{3E65BD3F-F165-4FB2-90A4-04094E4FF3A9}.Debug|Any CPU.Build.0 = Debug|Any CPU
		{3E65BD3F-F165-4FB2-90A4-04094E4FF3A9}.Release|Any CPU.ActiveCfg = Release|Any CPU
		{3E65BD3F-F165-4FB2-90A4-04094E4FF3A9}.Release|Any CPU.Build.0 = Release|Any CPU
		{9F825F09-265B-4F9E-A7BD-9C677E697781}.Debug|Any CPU.ActiveCfg = Debug|Any CPU
		{9F825F09-265B-4F9E-A7BD-9C677E697781}.Debug|Any CPU.Build.0 = Debug|Any CPU
		{9F825F09-265B-4F9E-A7BD-9C677E697781}.Release|Any CPU.ActiveCfg = Release|Any CPU
		{9F825F09-265B-4F9E-A7BD-9C677E697781}.Release|Any CPU.Build.0 = Release|Any CPU
		{424CAEC8-7B46-4BD4-9C8C-AC47255B5A51}.Debug|Any CPU.ActiveCfg = Debug|Any CPU
		{424CAEC8-7B46-4BD4-9C8C-AC47255B5A51}.Debug|Any CPU.Build.0 = Debug|Any CPU
		{424CAEC8-7B46-4BD4-9C8C-AC47255B5A51}.Release|Any CPU.ActiveCfg = Release|Any CPU
		{424CAEC8-7B46-4BD4-9C8C-AC47255B5A51}.Release|Any CPU.Build.0 = Release|Any CPU
	EndGlobalSection
	GlobalSection(SolutionProperties) = preSolution
		HideSolutionNode = FALSE
	EndGlobalSection
	GlobalSection(ExtensibilityGlobals) = postSolution
		SolutionGuid = {15E06883-0CB3-4D9B-8E21-6D71E8C356D0}
	EndGlobalSection
EndGlobal
