
Microsoft Visual Studio Solution File, Format Version 12.00
# Visual Studio 15
VisualStudioVersion = 15.0.28010.2019
MinimumVisualStudioVersion = 10.0.40219.1
Project("{FAE04EC0-301F-11D3-BF4B-00C04F79EFBC}") = "DebitCardNumber", "1.Exercisis\DebitCardNumber.csproj", "{2B5EE7A1-1BA0-4755-85B9-D1940F50F4BD}"
EndProject
Project("{FAE04EC0-301F-11D3-BF4B-00C04F79EFBC}") = "RectangleArea", "RectangleArea\RectangleArea.csproj", "{2608818F-C692-4EB6-B4B1-3A9589D1F8B5}"
EndProject
Project("{FAE04EC0-301F-11D3-BF4B-00C04F79EFBC}") = "MilesToKilometers", "MilesToKilometers\MilesToKilometers.csproj", "{31B2A5DF-1FDE-4B50-99A6-545E0BA5A6E4}"
EndProject
Project("{FAE04EC0-301F-11D3-BF4B-00C04F79EFBC}") = "BeverageLabels", "BeverageLabels\BeverageLabels.csproj", "{3A8E326A-A29E-47E8-80B8-C8B22A0C1F65}"
EndProject
Project("{FAE04EC0-301F-11D3-BF4B-00C04F79EFBC}") = "CharacterStats", "CharacterStats\CharacterStats.csproj", "{38FC6D6A-AE00-4525-AD1D-A9F679A2FAFA}"
EndProject
Global
	GlobalSection(SolutionConfigurationPlatforms) = preSolution
		Debug|Any CPU = Debug|Any CPU
		Release|Any CPU = Release|Any CPU
	EndGlobalSection
	GlobalSection(ProjectConfigurationPlatforms) = postSolution
		{2B5EE7A1-1BA0-4755-85B9-D1940F50F4BD}.Debug|Any CPU.ActiveCfg = Debug|Any CPU
		{2B5EE7A1-1BA0-4755-85B9-D1940F50F4BD}.Debug|Any CPU.Build.0 = Debug|Any CPU
		{2B5EE7A1-1BA0-4755-85B9-D1940F50F4BD}.Release|Any CPU.ActiveCfg = Release|Any CPU
		{2B5EE7A1-1BA0-4755-85B9-D1940F50F4BD}.Release|Any CPU.Build.0 = Release|Any CPU
		{2608818F-C692-4EB6-B4B1-3A9589D1F8B5}.Debug|Any CPU.ActiveCfg = Debug|Any CPU
		{2608818F-C692-4EB6-B4B1-3A9589D1F8B5}.Debug|Any CPU.Build.0 = Debug|Any CPU
		{2608818F-C692-4EB6-B4B1-3A9589D1F8B5}.Release|Any CPU.ActiveCfg = Release|Any CPU
		{2608818F-C692-4EB6-B4B1-3A9589D1F8B5}.Release|Any CPU.Build.0 = Release|Any CPU
		{31B2A5DF-1FDE-4B50-99A6-545E0BA5A6E4}.Debug|Any CPU.ActiveCfg = Debug|Any CPU
		{31B2A5DF-1FDE-4B50-99A6-545E0BA5A6E4}.Debug|Any CPU.Build.0 = Debug|Any CPU
		{31B2A5DF-1FDE-4B50-99A6-545E0BA5A6E4}.Release|Any CPU.ActiveCfg = Release|Any CPU
		{31B2A5DF-1FDE-4B50-99A6-545E0BA5A6E4}.Release|Any CPU.Build.0 = Release|Any CPU
		{3A8E326A-A29E-47E8-80B8-C8B22A0C1F65}.Debug|Any CPU.ActiveCfg = Debug|Any CPU
		{3A8E326A-A29E-47E8-80B8-C8B22A0C1F65}.Debug|Any CPU.Build.0 = Debug|Any CPU
		{3A8E326A-A29E-47E8-80B8-C8B22A0C1F65}.Release|Any CPU.ActiveCfg = Release|Any CPU
		{3A8E326A-A29E-47E8-80B8-C8B22A0C1F65}.Release|Any CPU.Build.0 = Release|Any CPU
		{38FC6D6A-AE00-4525-AD1D-A9F679A2FAFA}.Debug|Any CPU.ActiveCfg = Debug|Any CPU
		{38FC6D6A-AE00-4525-AD1D-A9F679A2FAFA}.Debug|Any CPU.Build.0 = Debug|Any CPU
		{38FC6D6A-AE00-4525-AD1D-A9F679A2FAFA}.Release|Any CPU.ActiveCfg = Release|Any CPU
		{38FC6D6A-AE00-4525-AD1D-A9F679A2FAFA}.Release|Any CPU.Build.0 = Release|Any CPU
	EndGlobalSection
	GlobalSection(SolutionProperties) = preSolution
		HideSolutionNode = FALSE
	EndGlobalSection
	GlobalSection(ExtensibilityGlobals) = postSolution
		SolutionGuid = {D643B015-9C7A-44F8-960D-4BF837B2342E}
	EndGlobalSection
EndGlobal
